// !$*UTF8*$!
{
	archiveVersion = 1;
	classes = {
	};
	objectVersion = 51;
	objects = {

/* Begin PBXBuildFile section */
		4CD045A5D9948CFF28B20129 /* Pods_iOS_ArchitectureDemo.framework in Frameworks */ = {isa = PBXBuildFile; fileRef = 771109A8308F8241D57EAD3B /* Pods_iOS_ArchitectureDemo.framework */; };
		69A41D0525F23C0400F5D903 /* RepoListPresenter.swift in Sources */ = {isa = PBXBuildFile; fileRef = 69A41D0425F23C0400F5D903 /* RepoListPresenter.swift */; };
		69A41D0825F23CBD00F5D903 /* RepoListInteractor.swift in Sources */ = {isa = PBXBuildFile; fileRef = 69A41D0725F23CBD00F5D903 /* RepoListInteractor.swift */; };
		69A41D0B25F23DD800F5D903 /* RepoListViewController.swift in Sources */ = {isa = PBXBuildFile; fileRef = 69A41D0A25F23DD800F5D903 /* RepoListViewController.swift */; };
		69A41D0E25F2420800F5D903 /* RepoListRouter.swift in Sources */ = {isa = PBXBuildFile; fileRef = 69A41D0D25F2420800F5D903 /* RepoListRouter.swift */; };
		69A41D1125F5DDFE00F5D903 /* RootRouter.swift in Sources */ = {isa = PBXBuildFile; fileRef = 69A41D1025F5DDFE00F5D903 /* RootRouter.swift */; };
		69A41D1425F61EBF00F5D903 /* DetailVIPER.swift in Sources */ = {isa = PBXBuildFile; fileRef = 69A41D1325F61EBF00F5D903 /* DetailVIPER.swift */; };
		69B0C68A25C16FBD009511F9 /* AppDelegate.swift in Sources */ = {isa = PBXBuildFile; fileRef = 69B0C68925C16FBD009511F9 /* AppDelegate.swift */; };
		69B0C69325C16FBF009511F9 /* Assets.xcassets in Resources */ = {isa = PBXBuildFile; fileRef = 69B0C69225C16FBF009511F9 /* Assets.xcassets */; };
		69B0C69625C16FBF009511F9 /* LaunchScreen.storyboard in Resources */ = {isa = PBXBuildFile; fileRef = 69B0C69425C16FBF009511F9 /* LaunchScreen.storyboard */; };
		69B0C6C225C1703B009511F9 /* ViewController.swift in Sources */ = {isa = PBXBuildFile; fileRef = 69B0C6C125C1703B009511F9 /* ViewController.swift */; };
		69B0C6D325C17B3E009511F9 /* MVCRepositoryListViewController.swift in Sources */ = {isa = PBXBuildFile; fileRef = 69B0C6D225C17B3E009511F9 /* MVCRepositoryListViewController.swift */; };
		69B0C6D825C17B56009511F9 /* MVCLanguageListViewController.swift in Sources */ = {isa = PBXBuildFile; fileRef = 69B0C6D725C17B56009511F9 /* MVCLanguageListViewController.swift */; };
		69B0C6DF25C17C72009511F9 /* Repository.swift in Sources */ = {isa = PBXBuildFile; fileRef = 69B0C6DE25C17C72009511F9 /* Repository.swift */; };
		69B0C6E425C17C9F009511F9 /* GithubService.swift in Sources */ = {isa = PBXBuildFile; fileRef = 69B0C6E325C17C9F009511F9 /* GithubService.swift */; };
		69B0C6EA25C264F8009511F9 /* RepositoryCell.swift in Sources */ = {isa = PBXBuildFile; fileRef = 69B0C6E825C264F8009511F9 /* RepositoryCell.swift */; };
		69B0C6EB25C264F8009511F9 /* RepositoryCell.xib in Resources */ = {isa = PBXBuildFile; fileRef = 69B0C6E925C264F8009511F9 /* RepositoryCell.xib */; };
		69B0C74425C278BA009511F9 /* RepositoryListPresenter.swift in Sources */ = {isa = PBXBuildFile; fileRef = 69B0C74325C278BA009511F9 /* RepositoryListPresenter.swift */; };
		69B0C74925C28B10009511F9 /* MVPRepositoryListViewController.swift in Sources */ = {isa = PBXBuildFile; fileRef = 69B0C74825C28B10009511F9 /* MVPRepositoryListViewController.swift */; };
		69B0C75A25C2B292009511F9 /* LanguageListPresenter.swift in Sources */ = {isa = PBXBuildFile; fileRef = 69B0C75925C2B292009511F9 /* LanguageListPresenter.swift */; };
		69B0C75D25C2B3D0009511F9 /* Presenter.swift in Sources */ = {isa = PBXBuildFile; fileRef = 69B0C75C25C2B3D0009511F9 /* Presenter.swift */; };
		69B0C76025C2B50D009511F9 /* MVPLanguageListViewController.swift in Sources */ = {isa = PBXBuildFile; fileRef = 69B0C75F25C2B50D009511F9 /* MVPLanguageListViewController.swift */; };
		69BCF90D25F1E4B5004FAAF6 /* MVVMRepositoryListTableViewController.swift in Sources */ = {isa = PBXBuildFile; fileRef = 69BCF90C25F1E4B5004FAAF6 /* MVVMRepositoryListTableViewController.swift */; };
		69BCF91125F1E547004FAAF6 /* MVVMRepositoryListViewModel.swift in Sources */ = {isa = PBXBuildFile; fileRef = 69BCF91025F1E547004FAAF6 /* MVVMRepositoryListViewModel.swift */; };
		69BCF91725F1F17F004FAAF6 /* MVVMRxRepositoryListViewController.swift in Sources */ = {isa = PBXBuildFile; fileRef = 69BCF91625F1F17F004FAAF6 /* MVVMRxRepositoryListViewController.swift */; };
		69BCF91B25F1F190004FAAF6 /* MVVMRxRepositoryListViewModel.swift in Sources */ = {isa = PBXBuildFile; fileRef = 69BCF91A25F1F190004FAAF6 /* MVVMRxRepositoryListViewModel.swift */; };
		69BCF93625F20948004FAAF6 /* RxGithubService.swift in Sources */ = {isa = PBXBuildFile; fileRef = 69BCF93525F20948004FAAF6 /* RxGithubService.swift */; };
		69BCF93925F20D68004FAAF6 /* MVVMRxLanguageListViewController.swift in Sources */ = {isa = PBXBuildFile; fileRef = 69BCF93825F20D68004FAAF6 /* MVVMRxLanguageListViewController.swift */; };
		69BCF93C25F20E07004FAAF6 /* MVVMRxLanguageListViewModel.swift in Sources */ = {isa = PBXBuildFile; fileRef = 69BCF93B25F20E07004FAAF6 /* MVVMRxLanguageListViewModel.swift */; };
		69BCF94225F216E8004FAAF6 /* RepositoryListCoordinator.swift in Sources */ = {isa = PBXBuildFile; fileRef = 69BCF94125F216E8004FAAF6 /* RepositoryListCoordinator.swift */; };
		69BCF94625F21711004FAAF6 /* LanguageListCoordinator.swift in Sources */ = {isa = PBXBuildFile; fileRef = 69BCF94525F21711004FAAF6 /* LanguageListCoordinator.swift */; };
		69BCF94925F21794004FAAF6 /* BaseCoordinator.swift in Sources */ = {isa = PBXBuildFile; fileRef = 69BCF94825F21794004FAAF6 /* BaseCoordinator.swift */; };
		69BCF94D25F2186F004FAAF6 /* StoryboardInitializable.swift in Sources */ = {isa = PBXBuildFile; fileRef = 69BCF94C25F2186F004FAAF6 /* StoryboardInitializable.swift */; };
		69BCF95025F21B9C004FAAF6 /* AppCoordinator.swift in Sources */ = {isa = PBXBuildFile; fileRef = 69BCF94F25F21B9C004FAAF6 /* AppCoordinator.swift */; };
/* End PBXBuildFile section */

/* Begin PBXFileReference section */
		329936C588DB580F12B03829 /* Pods-iOS-ArchitectureDemo.release.xcconfig */ = {isa = PBXFileReference; includeInIndex = 1; lastKnownFileType = text.xcconfig; name = "Pods-iOS-ArchitectureDemo.release.xcconfig"; path = "Target Support Files/Pods-iOS-ArchitectureDemo/Pods-iOS-ArchitectureDemo.release.xcconfig"; sourceTree = "<group>"; };
		62BF4E9083610BB3FF2C6F71 /* Pods_MVC.framework */ = {isa = PBXFileReference; explicitFileType = wrapper.framework; includeInIndex = 0; path = Pods_MVC.framework; sourceTree = BUILT_PRODUCTS_DIR; };
		69A41D0425F23C0400F5D903 /* RepoListPresenter.swift */ = {isa = PBXFileReference; lastKnownFileType = sourcecode.swift; path = RepoListPresenter.swift; sourceTree = "<group>"; };
		69A41D0725F23CBD00F5D903 /* RepoListInteractor.swift */ = {isa = PBXFileReference; lastKnownFileType = sourcecode.swift; path = RepoListInteractor.swift; sourceTree = "<group>"; };
		69A41D0A25F23DD800F5D903 /* RepoListViewController.swift */ = {isa = PBXFileReference; lastKnownFileType = sourcecode.swift; path = RepoListViewController.swift; sourceTree = "<group>"; };
		69A41D0D25F2420800F5D903 /* RepoListRouter.swift */ = {isa = PBXFileReference; lastKnownFileType = sourcecode.swift; path = RepoListRouter.swift; sourceTree = "<group>"; };
		69A41D1025F5DDFE00F5D903 /* RootRouter.swift */ = {isa = PBXFileReference; lastKnownFileType = sourcecode.swift; path = RootRouter.swift; sourceTree = "<group>"; };
		69A41D1325F61EBF00F5D903 /* DetailVIPER.swift */ = {isa = PBXFileReference; lastKnownFileType = sourcecode.swift; path = DetailVIPER.swift; sourceTree = "<group>"; };
		69B0C68725C16FBD009511F9 /* iOS-ArchitectureDemo.app */ = {isa = PBXFileReference; explicitFileType = wrapper.application; includeInIndex = 0; path = "iOS-ArchitectureDemo.app"; sourceTree = BUILT_PRODUCTS_DIR; };
		69B0C68925C16FBD009511F9 /* AppDelegate.swift */ = {isa = PBXFileReference; lastKnownFileType = sourcecode.swift; path = AppDelegate.swift; sourceTree = "<group>"; };
		69B0C69225C16FBF009511F9 /* Assets.xcassets */ = {isa = PBXFileReference; lastKnownFileType = folder.assetcatalog; path = Assets.xcassets; sourceTree = "<group>"; };
		69B0C69525C16FBF009511F9 /* Base */ = {isa = PBXFileReference; lastKnownFileType = file.storyboard; name = Base; path = Base.lproj/LaunchScreen.storyboard; sourceTree = "<group>"; };
		69B0C69725C16FBF009511F9 /* Info.plist */ = {isa = PBXFileReference; lastKnownFileType = text.plist.xml; path = Info.plist; sourceTree = "<group>"; };
		69B0C6C125C1703B009511F9 /* ViewController.swift */ = {isa = PBXFileReference; lastKnownFileType = sourcecode.swift; path = ViewController.swift; sourceTree = "<group>"; };
		69B0C6D225C17B3E009511F9 /* MVCRepositoryListViewController.swift */ = {isa = PBXFileReference; lastKnownFileType = sourcecode.swift; path = MVCRepositoryListViewController.swift; sourceTree = "<group>"; };
		69B0C6D725C17B56009511F9 /* MVCLanguageListViewController.swift */ = {isa = PBXFileReference; lastKnownFileType = sourcecode.swift; path = MVCLanguageListViewController.swift; sourceTree = "<group>"; };
		69B0C6DE25C17C72009511F9 /* Repository.swift */ = {isa = PBXFileReference; lastKnownFileType = sourcecode.swift; path = Repository.swift; sourceTree = "<group>"; };
		69B0C6E325C17C9F009511F9 /* GithubService.swift */ = {isa = PBXFileReference; lastKnownFileType = sourcecode.swift; path = GithubService.swift; sourceTree = "<group>"; };
		69B0C6E825C264F8009511F9 /* RepositoryCell.swift */ = {isa = PBXFileReference; lastKnownFileType = sourcecode.swift; path = RepositoryCell.swift; sourceTree = "<group>"; };
		69B0C6E925C264F8009511F9 /* RepositoryCell.xib */ = {isa = PBXFileReference; lastKnownFileType = file.xib; path = RepositoryCell.xib; sourceTree = "<group>"; };
		69B0C74325C278BA009511F9 /* RepositoryListPresenter.swift */ = {isa = PBXFileReference; lastKnownFileType = sourcecode.swift; path = RepositoryListPresenter.swift; sourceTree = "<group>"; };
		69B0C74825C28B10009511F9 /* MVPRepositoryListViewController.swift */ = {isa = PBXFileReference; lastKnownFileType = sourcecode.swift; path = MVPRepositoryListViewController.swift; sourceTree = "<group>"; };
		69B0C75925C2B292009511F9 /* LanguageListPresenter.swift */ = {isa = PBXFileReference; lastKnownFileType = sourcecode.swift; path = LanguageListPresenter.swift; sourceTree = "<group>"; };
		69B0C75C25C2B3D0009511F9 /* Presenter.swift */ = {isa = PBXFileReference; lastKnownFileType = sourcecode.swift; path = Presenter.swift; sourceTree = "<group>"; };
		69B0C75F25C2B50D009511F9 /* MVPLanguageListViewController.swift */ = {isa = PBXFileReference; lastKnownFileType = sourcecode.swift; path = MVPLanguageListViewController.swift; sourceTree = "<group>"; };
		69BCF90C25F1E4B5004FAAF6 /* MVVMRepositoryListTableViewController.swift */ = {isa = PBXFileReference; lastKnownFileType = sourcecode.swift; path = MVVMRepositoryListTableViewController.swift; sourceTree = "<group>"; };
		69BCF91025F1E547004FAAF6 /* MVVMRepositoryListViewModel.swift */ = {isa = PBXFileReference; lastKnownFileType = sourcecode.swift; path = MVVMRepositoryListViewModel.swift; sourceTree = "<group>"; };
		69BCF91625F1F17F004FAAF6 /* MVVMRxRepositoryListViewController.swift */ = {isa = PBXFileReference; lastKnownFileType = sourcecode.swift; path = MVVMRxRepositoryListViewController.swift; sourceTree = "<group>"; };
		69BCF91A25F1F190004FAAF6 /* MVVMRxRepositoryListViewModel.swift */ = {isa = PBXFileReference; lastKnownFileType = sourcecode.swift; path = MVVMRxRepositoryListViewModel.swift; sourceTree = "<group>"; };
		69BCF93525F20948004FAAF6 /* RxGithubService.swift */ = {isa = PBXFileReference; lastKnownFileType = sourcecode.swift; path = RxGithubService.swift; sourceTree = "<group>"; };
		69BCF93825F20D68004FAAF6 /* MVVMRxLanguageListViewController.swift */ = {isa = PBXFileReference; lastKnownFileType = sourcecode.swift; path = MVVMRxLanguageListViewController.swift; sourceTree = "<group>"; };
		69BCF93B25F20E07004FAAF6 /* MVVMRxLanguageListViewModel.swift */ = {isa = PBXFileReference; lastKnownFileType = sourcecode.swift; path = MVVMRxLanguageListViewModel.swift; sourceTree = "<group>"; };
		69BCF94125F216E8004FAAF6 /* RepositoryListCoordinator.swift */ = {isa = PBXFileReference; lastKnownFileType = sourcecode.swift; path = RepositoryListCoordinator.swift; sourceTree = "<group>"; };
		69BCF94525F21711004FAAF6 /* LanguageListCoordinator.swift */ = {isa = PBXFileReference; lastKnownFileType = sourcecode.swift; path = LanguageListCoordinator.swift; sourceTree = "<group>"; };
		69BCF94825F21794004FAAF6 /* BaseCoordinator.swift */ = {isa = PBXFileReference; lastKnownFileType = sourcecode.swift; path = BaseCoordinator.swift; sourceTree = "<group>"; };
		69BCF94C25F2186F004FAAF6 /* StoryboardInitializable.swift */ = {isa = PBXFileReference; lastKnownFileType = sourcecode.swift; path = StoryboardInitializable.swift; sourceTree = "<group>"; };
		69BCF94F25F21B9C004FAAF6 /* AppCoordinator.swift */ = {isa = PBXFileReference; lastKnownFileType = sourcecode.swift; path = AppCoordinator.swift; sourceTree = "<group>"; };
		771109A8308F8241D57EAD3B /* Pods_iOS_ArchitectureDemo.framework */ = {isa = PBXFileReference; explicitFileType = wrapper.framework; includeInIndex = 0; path = Pods_iOS_ArchitectureDemo.framework; sourceTree = BUILT_PRODUCTS_DIR; };
		89C42D77FB54FC93FF0716D1 /* Pods-iOS-ArchitectureDemo.debug.xcconfig */ = {isa = PBXFileReference; includeInIndex = 1; lastKnownFileType = text.xcconfig; name = "Pods-iOS-ArchitectureDemo.debug.xcconfig"; path = "Target Support Files/Pods-iOS-ArchitectureDemo/Pods-iOS-ArchitectureDemo.debug.xcconfig"; sourceTree = "<group>"; };
		E446BA26CB9A0263EBEA19F5 /* Pods_MVCTests.framework */ = {isa = PBXFileReference; explicitFileType = wrapper.framework; includeInIndex = 0; path = Pods_MVCTests.framework; sourceTree = BUILT_PRODUCTS_DIR; };
/* End PBXFileReference section */

/* Begin PBXFrameworksBuildPhase section */
		69B0C68425C16FBD009511F9 /* Frameworks */ = {
			isa = PBXFrameworksBuildPhase;
			buildActionMask = 2147483647;
			files = (
				4CD045A5D9948CFF28B20129 /* Pods_iOS_ArchitectureDemo.framework in Frameworks */,
			);
			runOnlyForDeploymentPostprocessing = 0;
		};
/* End PBXFrameworksBuildPhase section */

/* Begin PBXGroup section */
		699B496125C168690046412B = {
			isa = PBXGroup;
			children = (
				69B0C68925C16FBD009511F9 /* AppDelegate.swift */,
				69B0C6C125C1703B009511F9 /* ViewController.swift */,
				69B0C69725C16FBF009511F9 /* Info.plist */,
				69BCF94B25F21816004FAAF6 /* Extension */,
				69B0C6DC25C17C20009511F9 /* Networking */,
				69B0C6DD25C17C2E009511F9 /* Models */,
				69B0C76325C2BFBA009511F9 /* Views */,
				69B0C76625C2C1F7009511F9 /* ViewControllers */,
				69B0C68825C16FBD009511F9 /* MVC */,
				699B49A925C169A60046412B /* MVP */,
				69BCF90825F1E235004FAAF6 /* MVVM */,
				69BCF91325F1F0D4004FAAF6 /* MVVM+Rx */,
				69BCF94025F216B8004FAAF6 /* Coordinator */,
				69A41D0225F23B0400F5D903 /* VIPER */,
				699B496C25C168690046412B /* Resources */,
				699B496B25C168690046412B /* Products */,
				8D11E2070933ADA22573DC2A /* Pods */,
				AA611F590B222CDBDAC03FE5 /* Frameworks */,
			);
			sourceTree = "<group>";
		};
		699B496B25C168690046412B /* Products */ = {
			isa = PBXGroup;
			children = (
				69B0C68725C16FBD009511F9 /* iOS-ArchitectureDemo.app */,
			);
			name = Products;
			sourceTree = "<group>";
		};
		699B496C25C168690046412B /* Resources */ = {
			isa = PBXGroup;
			children = (
				69B0C69225C16FBF009511F9 /* Assets.xcassets */,
				69B0C69425C16FBF009511F9 /* LaunchScreen.storyboard */,
			);
			path = Resources;
			sourceTree = "<group>";
		};
		699B49A925C169A60046412B /* MVP */ = {
			isa = PBXGroup;
			children = (
				69B0C74825C28B10009511F9 /* MVPRepositoryListViewController.swift */,
				69B0C75F25C2B50D009511F9 /* MVPLanguageListViewController.swift */,
				69B0C74325C278BA009511F9 /* RepositoryListPresenter.swift */,
				69B0C75925C2B292009511F9 /* LanguageListPresenter.swift */,
				69B0C75C25C2B3D0009511F9 /* Presenter.swift */,
			);
			path = MVP;
			sourceTree = "<group>";
		};
		69A41D0225F23B0400F5D903 /* VIPER */ = {
			isa = PBXGroup;
			children = (
				69A41D0425F23C0400F5D903 /* RepoListPresenter.swift */,
				69A41D0725F23CBD00F5D903 /* RepoListInteractor.swift */,
				69A41D0A25F23DD800F5D903 /* RepoListViewController.swift */,
				69A41D0D25F2420800F5D903 /* RepoListRouter.swift */,
				69A41D1025F5DDFE00F5D903 /* RootRouter.swift */,
				69A41D1325F61EBF00F5D903 /* DetailVIPER.swift */,
			);
			path = VIPER;
			sourceTree = "<group>";
		};
		69B0C68825C16FBD009511F9 /* MVC */ = {
			isa = PBXGroup;
			children = (
				69B0C6D225C17B3E009511F9 /* MVCRepositoryListViewController.swift */,
				69B0C6D725C17B56009511F9 /* MVCLanguageListViewController.swift */,
			);
			path = MVC;
			sourceTree = "<group>";
		};
		69B0C6DC25C17C20009511F9 /* Networking */ = {
			isa = PBXGroup;
			children = (
				69B0C6E325C17C9F009511F9 /* GithubService.swift */,
				69BCF93525F20948004FAAF6 /* RxGithubService.swift */,
			);
			path = Networking;
			sourceTree = "<group>";
		};
		69B0C6DD25C17C2E009511F9 /* Models */ = {
			isa = PBXGroup;
			children = (
				69B0C6DE25C17C72009511F9 /* Repository.swift */,
			);
			path = Models;
			sourceTree = "<group>";
		};
		69B0C76325C2BFBA009511F9 /* Views */ = {
			isa = PBXGroup;
			children = (
				69B0C6E825C264F8009511F9 /* RepositoryCell.swift */,
				69B0C6E925C264F8009511F9 /* RepositoryCell.xib */,
			);
			path = Views;
			sourceTree = "<group>";
		};
		69B0C76625C2C1F7009511F9 /* ViewControllers */ = {
			isa = PBXGroup;
			children = (
			);
			path = ViewControllers;
			sourceTree = "<group>";
		};
		69BCF90825F1E235004FAAF6 /* MVVM */ = {
			isa = PBXGroup;
			children = (
				69BCF90C25F1E4B5004FAAF6 /* MVVMRepositoryListTableViewController.swift */,
				69BCF91025F1E547004FAAF6 /* MVVMRepositoryListViewModel.swift */,
			);
			path = MVVM;
			sourceTree = "<group>";
		};
		69BCF91325F1F0D4004FAAF6 /* MVVM+Rx */ = {
			isa = PBXGroup;
			children = (
				69BCF91625F1F17F004FAAF6 /* MVVMRxRepositoryListViewController.swift */,
				69BCF91A25F1F190004FAAF6 /* MVVMRxRepositoryListViewModel.swift */,
				69BCF93825F20D68004FAAF6 /* MVVMRxLanguageListViewController.swift */,
				69BCF93B25F20E07004FAAF6 /* MVVMRxLanguageListViewModel.swift */,
			);
			path = "MVVM+Rx";
			sourceTree = "<group>";
		};
		69BCF94025F216B8004FAAF6 /* Coordinator */ = {
			isa = PBXGroup;
			children = (
				69BCF94125F216E8004FAAF6 /* RepositoryListCoordinator.swift */,
				69BCF94525F21711004FAAF6 /* LanguageListCoordinator.swift */,
				69BCF94825F21794004FAAF6 /* BaseCoordinator.swift */,
				69BCF94F25F21B9C004FAAF6 /* AppCoordinator.swift */,
			);
			path = Coordinator;
			sourceTree = "<group>";
		};
		69BCF94B25F21816004FAAF6 /* Extension */ = {
			isa = PBXGroup;
			children = (
				69BCF94C25F2186F004FAAF6 /* StoryboardInitializable.swift */,
			);
			path = Extension;
			sourceTree = "<group>";
		};
		8D11E2070933ADA22573DC2A /* Pods */ = {
			isa = PBXGroup;
			children = (
				89C42D77FB54FC93FF0716D1 /* Pods-iOS-ArchitectureDemo.debug.xcconfig */,
				329936C588DB580F12B03829 /* Pods-iOS-ArchitectureDemo.release.xcconfig */,
			);
			path = Pods;
			sourceTree = "<group>";
		};
		AA611F590B222CDBDAC03FE5 /* Frameworks */ = {
			isa = PBXGroup;
			children = (
				62BF4E9083610BB3FF2C6F71 /* Pods_MVC.framework */,
				E446BA26CB9A0263EBEA19F5 /* Pods_MVCTests.framework */,
				771109A8308F8241D57EAD3B /* Pods_iOS_ArchitectureDemo.framework */,
			);
			name = Frameworks;
			sourceTree = "<group>";
		};
/* End PBXGroup section */

/* Begin PBXNativeTarget section */
		69B0C68625C16FBD009511F9 /* iOS-ArchitectureDemo */ = {
			isa = PBXNativeTarget;
			buildConfigurationList = 69B0C6AE25C16FC0009511F9 /* Build configuration list for PBXNativeTarget "iOS-ArchitectureDemo" */;
			buildPhases = (
				493CB3DFFDF3D7FC2FEDB781 /* [CP] Check Pods Manifest.lock */,
				69B0C68325C16FBD009511F9 /* Sources */,
				69B0C68425C16FBD009511F9 /* Frameworks */,
				69B0C68525C16FBD009511F9 /* Resources */,
				953B7FF89E5C0707D1B38537 /* [CP] Embed Pods Frameworks */,
			);
			buildRules = (
			);
			dependencies = (
			);
			name = "iOS-ArchitectureDemo";
			productName = MVC;
			productReference = 69B0C68725C16FBD009511F9 /* iOS-ArchitectureDemo.app */;
			productType = "com.apple.product-type.application";
		};
/* End PBXNativeTarget section */

/* Begin PBXProject section */
		699B496225C168690046412B /* Project object */ = {
			isa = PBXProject;
			attributes = {
				LastSwiftUpdateCheck = 1230;
				LastUpgradeCheck = 1230;
				TargetAttributes = {
					69B0C68625C16FBD009511F9 = {
						CreatedOnToolsVersion = 12.3;
					};
				};
			};
			buildConfigurationList = 699B496525C168690046412B /* Build configuration list for PBXProject "iOS-ArchitectureDemo" */;
			compatibilityVersion = "Xcode 9.3";
			developmentRegion = en;
			hasScannedForEncodings = 0;
			knownRegions = (
				en,
				Base,
			);
			mainGroup = 699B496125C168690046412B;
			productRefGroup = 699B496B25C168690046412B /* Products */;
			projectDirPath = "";
			projectRoot = "";
			targets = (
				69B0C68625C16FBD009511F9 /* iOS-ArchitectureDemo */,
			);
		};
/* End PBXProject section */

/* Begin PBXResourcesBuildPhase section */
		69B0C68525C16FBD009511F9 /* Resources */ = {
			isa = PBXResourcesBuildPhase;
			buildActionMask = 2147483647;
			files = (
				69B0C69625C16FBF009511F9 /* LaunchScreen.storyboard in Resources */,
				69B0C69325C16FBF009511F9 /* Assets.xcassets in Resources */,
				69B0C6EB25C264F8009511F9 /* RepositoryCell.xib in Resources */,
			);
			runOnlyForDeploymentPostprocessing = 0;
		};
/* End PBXResourcesBuildPhase section */

/* Begin PBXShellScriptBuildPhase section */
		493CB3DFFDF3D7FC2FEDB781 /* [CP] Check Pods Manifest.lock */ = {
			isa = PBXShellScriptBuildPhase;
			buildActionMask = 2147483647;
			files = (
			);
			inputFileListPaths = (
			);
			inputPaths = (
				"${PODS_PODFILE_DIR_PATH}/Podfile.lock",
				"${PODS_ROOT}/Manifest.lock",
			);
			name = "[CP] Check Pods Manifest.lock";
			outputFileListPaths = (
			);
			outputPaths = (
				"$(DERIVED_FILE_DIR)/Pods-iOS-ArchitectureDemo-checkManifestLockResult.txt",
			);
			runOnlyForDeploymentPostprocessing = 0;
			shellPath = /bin/sh;
			shellScript = "diff \"${PODS_PODFILE_DIR_PATH}/Podfile.lock\" \"${PODS_ROOT}/Manifest.lock\" > /dev/null\nif [ $? != 0 ] ; then\n    # print error to STDERR\n    echo \"error: The sandbox is not in sync with the Podfile.lock. Run 'pod install' or update your CocoaPods installation.\" >&2\n    exit 1\nfi\n# This output is used by Xcode 'outputs' to avoid re-running this script phase.\necho \"SUCCESS\" > \"${SCRIPT_OUTPUT_FILE_0}\"\n";
			showEnvVarsInLog = 0;
		};
		953B7FF89E5C0707D1B38537 /* [CP] Embed Pods Frameworks */ = {
			isa = PBXShellScriptBuildPhase;
			buildActionMask = 2147483647;
			files = (
			);
			inputFileListPaths = (
				"${PODS_ROOT}/Target Support Files/Pods-iOS-ArchitectureDemo/Pods-iOS-ArchitectureDemo-frameworks-${CONFIGURATION}-input-files.xcfilelist",
			);
			name = "[CP] Embed Pods Frameworks";
			outputFileListPaths = (
				"${PODS_ROOT}/Target Support Files/Pods-iOS-ArchitectureDemo/Pods-iOS-ArchitectureDemo-frameworks-${CONFIGURATION}-output-files.xcfilelist",
			);
			runOnlyForDeploymentPostprocessing = 0;
			shellPath = /bin/sh;
			shellScript = "\"${PODS_ROOT}/Target Support Files/Pods-iOS-ArchitectureDemo/Pods-iOS-ArchitectureDemo-frameworks.sh\"\n";
			showEnvVarsInLog = 0;
		};
/* End PBXShellScriptBuildPhase section */

/* Begin PBXSourcesBuildPhase section */
		69B0C68325C16FBD009511F9 /* Sources */ = {
			isa = PBXSourcesBuildPhase;
			buildActionMask = 2147483647;
			files = (
				69B0C75A25C2B292009511F9 /* LanguageListPresenter.swift in Sources */,
				69B0C75D25C2B3D0009511F9 /* Presenter.swift in Sources */,
				69A41D1425F61EBF00F5D903 /* DetailVIPER.swift in Sources */,
				69A41D0E25F2420800F5D903 /* RepoListRouter.swift in Sources */,
				69BCF94225F216E8004FAAF6 /* RepositoryListCoordinator.swift in Sources */,
				69B0C6D825C17B56009511F9 /* MVCLanguageListViewController.swift in Sources */,
				69B0C6C225C1703B009511F9 /* ViewController.swift in Sources */,
				69BCF94D25F2186F004FAAF6 /* StoryboardInitializable.swift in Sources */,
				69BCF91125F1E547004FAAF6 /* MVVMRepositoryListViewModel.swift in Sources */,
				69A41D0B25F23DD800F5D903 /* RepoListViewController.swift in Sources */,
				69B0C76025C2B50D009511F9 /* MVPLanguageListViewController.swift in Sources */,
				69BCF91B25F1F190004FAAF6 /* MVVMRxRepositoryListViewModel.swift in Sources */,
				69B0C6D325C17B3E009511F9 /* MVCRepositoryListViewController.swift in Sources */,
				69BCF94925F21794004FAAF6 /* BaseCoordinator.swift in Sources */,
				69BCF93925F20D68004FAAF6 /* MVVMRxLanguageListViewController.swift in Sources */,
				69A41D0525F23C0400F5D903 /* RepoListPresenter.swift in Sources */,
				69BCF95025F21B9C004FAAF6 /* AppCoordinator.swift in Sources */,
				69BCF93C25F20E07004FAAF6 /* MVVMRxLanguageListViewModel.swift in Sources */,
				69BCF91725F1F17F004FAAF6 /* MVVMRxRepositoryListViewController.swift in Sources */,
				69B0C6E425C17C9F009511F9 /* GithubService.swift in Sources */,
				69B0C74925C28B10009511F9 /* MVPRepositoryListViewController.swift in Sources */,
				69B0C74425C278BA009511F9 /* RepositoryListPresenter.swift in Sources */,
				69BCF93625F20948004FAAF6 /* RxGithubService.swift in Sources */,
				69B0C68A25C16FBD009511F9 /* AppDelegate.swift in Sources */,
				69BCF90D25F1E4B5004FAAF6 /* MVVMRepositoryListTableViewController.swift in Sources */,
				69A41D1125F5DDFE00F5D903 /* RootRouter.swift in Sources */,
				69A41D0825F23CBD00F5D903 /* RepoListInteractor.swift in Sources */,
				69B0C6DF25C17C72009511F9 /* Repository.swift in Sources */,
				69BCF94625F21711004FAAF6 /* LanguageListCoordinator.swift in Sources */,
				69B0C6EA25C264F8009511F9 /* RepositoryCell.swift in Sources */,
			);
			runOnlyForDeploymentPostprocessing = 0;
		};
/* End PBXSourcesBuildPhase section */

/* Begin PBXVariantGroup section */
		69B0C69425C16FBF009511F9 /* LaunchScreen.storyboard */ = {
			isa = PBXVariantGroup;
			children = (
				69B0C69525C16FBF009511F9 /* Base */,
			);
			name = LaunchScreen.storyboard;
			sourceTree = "<group>";
		};
/* End PBXVariantGroup section */

/* Begin XCBuildConfiguration section */
		699B499225C1686B0046412B /* Debug */ = {
			isa = XCBuildConfiguration;
			buildSettings = {
				ALWAYS_SEARCH_USER_PATHS = NO;
				CLANG_ANALYZER_NONNULL = YES;
				CLANG_ANALYZER_NUMBER_OBJECT_CONVERSION = YES_AGGRESSIVE;
				CLANG_CXX_LANGUAGE_STANDARD = "gnu++14";
				CLANG_CXX_LIBRARY = "libc++";
				CLANG_ENABLE_MODULES = YES;
				CLANG_ENABLE_OBJC_ARC = YES;
				CLANG_ENABLE_OBJC_WEAK = YES;
				CLANG_WARN_BLOCK_CAPTURE_AUTORELEASING = YES;
				CLANG_WARN_BOOL_CONVERSION = YES;
				CLANG_WARN_COMMA = YES;
				CLANG_WARN_CONSTANT_CONVERSION = YES;
				CLANG_WARN_DEPRECATED_OBJC_IMPLEMENTATIONS = YES;
				CLANG_WARN_DIRECT_OBJC_ISA_USAGE = YES_ERROR;
				CLANG_WARN_DOCUMENTATION_COMMENTS = YES;
				CLANG_WARN_EMPTY_BODY = YES;
				CLANG_WARN_ENUM_CONVERSION = YES;
				CLANG_WARN_INFINITE_RECURSION = YES;
				CLANG_WARN_INT_CONVERSION = YES;
				CLANG_WARN_NON_LITERAL_NULL_CONVERSION = YES;
				CLANG_WARN_OBJC_IMPLICIT_RETAIN_SELF = YES;
				CLANG_WARN_OBJC_LITERAL_CONVERSION = YES;
				CLANG_WARN_OBJC_ROOT_CLASS = YES_ERROR;
				CLANG_WARN_QUOTED_INCLUDE_IN_FRAMEWORK_HEADER = YES;
				CLANG_WARN_RANGE_LOOP_ANALYSIS = YES;
				CLANG_WARN_STRICT_PROTOTYPES = YES;
				CLANG_WARN_SUSPICIOUS_MOVE = YES;
				CLANG_WARN_UNGUARDED_AVAILABILITY = YES_AGGRESSIVE;
				CLANG_WARN_UNREACHABLE_CODE = YES;
				CLANG_WARN__DUPLICATE_METHOD_MATCH = YES;
				COPY_PHASE_STRIP = NO;
				DEBUG_INFORMATION_FORMAT = dwarf;
				ENABLE_STRICT_OBJC_MSGSEND = YES;
				ENABLE_TESTABILITY = YES;
				GCC_C_LANGUAGE_STANDARD = gnu11;
				GCC_DYNAMIC_NO_PIC = NO;
				GCC_NO_COMMON_BLOCKS = YES;
				GCC_OPTIMIZATION_LEVEL = 0;
				GCC_PREPROCESSOR_DEFINITIONS = (
					"DEBUG=1",
					"$(inherited)",
				);
				GCC_WARN_64_TO_32_BIT_CONVERSION = YES;
				GCC_WARN_ABOUT_RETURN_TYPE = YES_ERROR;
				GCC_WARN_UNDECLARED_SELECTOR = YES;
				GCC_WARN_UNINITIALIZED_AUTOS = YES_AGGRESSIVE;
				GCC_WARN_UNUSED_FUNCTION = YES;
				GCC_WARN_UNUSED_VARIABLE = YES;
				IPHONEOS_DEPLOYMENT_TARGET = 14.1;
				MTL_ENABLE_DEBUG_INFO = INCLUDE_SOURCE;
				MTL_FAST_MATH = YES;
				ONLY_ACTIVE_ARCH = YES;
				SDKROOT = iphoneos;
				SWIFT_ACTIVE_COMPILATION_CONDITIONS = DEBUG;
				SWIFT_OPTIMIZATION_LEVEL = "-Onone";
			};
			name = Debug;
		};
		699B499325C1686B0046412B /* Release */ = {
			isa = XCBuildConfiguration;
			buildSettings = {
				ALWAYS_SEARCH_USER_PATHS = NO;
				CLANG_ANALYZER_NONNULL = YES;
				CLANG_ANALYZER_NUMBER_OBJECT_CONVERSION = YES_AGGRESSIVE;
				CLANG_CXX_LANGUAGE_STANDARD = "gnu++14";
				CLANG_CXX_LIBRARY = "libc++";
				CLANG_ENABLE_MODULES = YES;
				CLANG_ENABLE_OBJC_ARC = YES;
				CLANG_ENABLE_OBJC_WEAK = YES;
				CLANG_WARN_BLOCK_CAPTURE_AUTORELEASING = YES;
				CLANG_WARN_BOOL_CONVERSION = YES;
				CLANG_WARN_COMMA = YES;
				CLANG_WARN_CONSTANT_CONVERSION = YES;
				CLANG_WARN_DEPRECATED_OBJC_IMPLEMENTATIONS = YES;
				CLANG_WARN_DIRECT_OBJC_ISA_USAGE = YES_ERROR;
				CLANG_WARN_DOCUMENTATION_COMMENTS = YES;
				CLANG_WARN_EMPTY_BODY = YES;
				CLANG_WARN_ENUM_CONVERSION = YES;
				CLANG_WARN_INFINITE_RECURSION = YES;
				CLANG_WARN_INT_CONVERSION = YES;
				CLANG_WARN_NON_LITERAL_NULL_CONVERSION = YES;
				CLANG_WARN_OBJC_IMPLICIT_RETAIN_SELF = YES;
				CLANG_WARN_OBJC_LITERAL_CONVERSION = YES;
				CLANG_WARN_OBJC_ROOT_CLASS = YES_ERROR;
				CLANG_WARN_QUOTED_INCLUDE_IN_FRAMEWORK_HEADER = YES;
				CLANG_WARN_RANGE_LOOP_ANALYSIS = YES;
				CLANG_WARN_STRICT_PROTOTYPES = YES;
				CLANG_WARN_SUSPICIOUS_MOVE = YES;
				CLANG_WARN_UNGUARDED_AVAILABILITY = YES_AGGRESSIVE;
				CLANG_WARN_UNREACHABLE_CODE = YES;
				CLANG_WARN__DUPLICATE_METHOD_MATCH = YES;
				COPY_PHASE_STRIP = NO;
				DEBUG_INFORMATION_FORMAT = "dwarf-with-dsym";
				ENABLE_NS_ASSERTIONS = NO;
				ENABLE_STRICT_OBJC_MSGSEND = YES;
				GCC_C_LANGUAGE_STANDARD = gnu11;
				GCC_NO_COMMON_BLOCKS = YES;
				GCC_WARN_64_TO_32_BIT_CONVERSION = YES;
				GCC_WARN_ABOUT_RETURN_TYPE = YES_ERROR;
				GCC_WARN_UNDECLARED_SELECTOR = YES;
				GCC_WARN_UNINITIALIZED_AUTOS = YES_AGGRESSIVE;
				GCC_WARN_UNUSED_FUNCTION = YES;
				GCC_WARN_UNUSED_VARIABLE = YES;
				IPHONEOS_DEPLOYMENT_TARGET = 14.1;
				MTL_ENABLE_DEBUG_INFO = NO;
				MTL_FAST_MATH = YES;
				SDKROOT = iphoneos;
				SWIFT_COMPILATION_MODE = wholemodule;
				SWIFT_OPTIMIZATION_LEVEL = "-O";
				VALIDATE_PRODUCT = YES;
			};
			name = Release;
		};
		69B0C6AF25C16FC0009511F9 /* Debug */ = {
			isa = XCBuildConfiguration;
			baseConfigurationReference = 89C42D77FB54FC93FF0716D1 /* Pods-iOS-ArchitectureDemo.debug.xcconfig */;
			buildSettings = {
				ASSETCATALOG_COMPILER_APPICON_NAME = AppIcon;
				ASSETCATALOG_COMPILER_GLOBAL_ACCENT_COLOR_NAME = AccentColor;
				CODE_SIGN_STYLE = Automatic;
				CURRENT_PROJECT_VERSION = 1.0;
				DEVELOPMENT_TEAM = XE842UX56K;
				INFOPLIST_FILE = Info.plist;
				IPHONEOS_DEPLOYMENT_TARGET = 14.3;
				LD_RUNPATH_SEARCH_PATHS = (
					"$(inherited)",
					"@executable_path/Frameworks",
				);
				MARKETING_VERSION = 1.0;
				PRODUCT_BUNDLE_IDENTIFIER = com.hanly.architecture.demo;
				PRODUCT_NAME = "$(TARGET_NAME)";
				SWIFT_VERSION = 5.0;
				TARGETED_DEVICE_FAMILY = "1,2";
			};
			name = Debug;
		};
		69B0C6B025C16FC0009511F9 /* Release */ = {
			isa = XCBuildConfiguration;
			baseConfigurationReference = 329936C588DB580F12B03829 /* Pods-iOS-ArchitectureDemo.release.xcconfig */;
			buildSettings = {
				ASSETCATALOG_COMPILER_APPICON_NAME = AppIcon;
				ASSETCATALOG_COMPILER_GLOBAL_ACCENT_COLOR_NAME = AccentColor;
				CODE_SIGN_STYLE = Automatic;
				CURRENT_PROJECT_VERSION = 1.0;
				DEVELOPMENT_TEAM = XE842UX56K;
				INFOPLIST_FILE = Info.plist;
				IPHONEOS_DEPLOYMENT_TARGET = 14.3;
				LD_RUNPATH_SEARCH_PATHS = (
					"$(inherited)",
					"@executable_path/Frameworks",
				);
				MARKETING_VERSION = 1.0;
				PRODUCT_BUNDLE_IDENTIFIER = com.hanly.architecture.demo;
				PRODUCT_NAME = "$(TARGET_NAME)";
				SWIFT_VERSION = 5.0;
				TARGETED_DEVICE_FAMILY = "1,2";
			};
			name = Release;
		};
/* End XCBuildConfiguration section */

/* Begin XCConfigurationList section */
		699B496525C168690046412B /* Build configuration list for PBXProject "iOS-ArchitectureDemo" */ = {
			isa = XCConfigurationList;
			buildConfigurations = (
				699B499225C1686B0046412B /* Debug */,
				699B499325C1686B0046412B /* Release */,
			);
			defaultConfigurationIsVisible = 0;
			defaultConfigurationName = Release;
		};
		69B0C6AE25C16FC0009511F9 /* Build configuration list for PBXNativeTarget "iOS-ArchitectureDemo" */ = {
			isa = XCConfigurationList;
			buildConfigurations = (
				69B0C6AF25C16FC0009511F9 /* Debug */,
				69B0C6B025C16FC0009511F9 /* Release */,
			);
			defaultConfigurationIsVisible = 0;
			defaultConfigurationName = Release;
		};
/* End XCConfigurationList section */
	};
	rootObject = 699B496225C168690046412B /* Project object */;
}
